
Microsoft Visual Studio Solution File, Format Version 12.00
# Visual Studio Version 17
VisualStudioVersion = 17.0.31903.59
MinimumVisualStudioVersion = 10.0.40219.1
Project("{FAE04EC0-301F-11D3-BF4B-00C04F79EFBC}") = "API", "API\API.csproj", "{FD180F57-5A32-423A-95A3-0BBE63B49DEE}"
EndProject
Global
	GlobalSection(SolutionConfigurationPlatforms) = preSolution
		Debug|Any CPU = Debug|Any CPU
		Release|Any CPU = Release|Any CPU
	EndGlobalSection
	GlobalSection(SolutionProperties) = preSolution
		HideSolutionNode = FALSE
	EndGlobalSection
	GlobalSection(ProjectConfigurationPlatforms) = postSolution
		{FD180F57-5A32-423A-95A3-0BBE63B49DEE}.Debug|Any CPU.ActiveCfg = Debug|Any CPU
		{FD180F57-5A32-423A-95A3-0BBE63B49DEE}.Debug|Any CPU.Build.0 = Debug|Any CPU
		{FD180F57-5A32-423A-95A3-0BBE63B49DEE}.Release|Any CPU.ActiveCfg = Release|Any CPU
		{FD180F57-5A32-423A-95A3-0BBE63B49DEE}.Release|Any CPU.Build.0 = Release|Any CPU
	EndGlobalSection
EndGlobal
